// !$*UTF8*$!
{
	archiveVersion = 1;
	classes = {
	};
	objectVersion = 46;
	objects = {

/* Begin PBXBuildFile section */
		5F9C543214F5937700E8F24C /* Foundation.framework in Frameworks */ = {isa = PBXBuildFile; fileRef = 5F9C543114F5937700E8F24C /* Foundation.framework */; };
		5F9C543414F5937700E8F24C /* UIKit.framework in Frameworks */ = {isa = PBXBuildFile; fileRef = 5F9C543314F5937700E8F24C /* UIKit.framework */; };
		5F9C543614F5937700E8F24C /* CoreGraphics.framework in Frameworks */ = {isa = PBXBuildFile; fileRef = 5F9C543514F5937700E8F24C /* CoreGraphics.framework */; };
		5F9C543814F5937700E8F24C /* AddressBook.framework in Frameworks */ = {isa = PBXBuildFile; fileRef = 5F9C543714F5937700E8F24C /* AddressBook.framework */; };
		5F9C543A14F5937700E8F24C /* AddressBookUI.framework in Frameworks */ = {isa = PBXBuildFile; fileRef = 5F9C543914F5937700E8F24C /* AddressBookUI.framework */; };
		5F9C543C14F5937700E8F24C /* AudioToolbox.framework in Frameworks */ = {isa = PBXBuildFile; fileRef = 5F9C543B14F5937700E8F24C /* AudioToolbox.framework */; };
		5F9C543E14F5937700E8F24C /* AVFoundation.framework in Frameworks */ = {isa = PBXBuildFile; fileRef = 5F9C543D14F5937700E8F24C /* AVFoundation.framework */; };
		5F9C544014F5937700E8F24C /* CoreLocation.framework in Frameworks */ = {isa = PBXBuildFile; fileRef = 5F9C543F14F5937700E8F24C /* CoreLocation.framework */; };
		5F9C544214F5937700E8F24C /* MediaPlayer.framework in Frameworks */ = {isa = PBXBuildFile; fileRef = 5F9C544114F5937700E8F24C /* MediaPlayer.framework */; };
		5F9C544414F5937700E8F24C /* QuartzCore.framework in Frameworks */ = {isa = PBXBuildFile; fileRef = 5F9C544314F5937700E8F24C /* QuartzCore.framework */; };
		5F9C544614F5937700E8F24C /* SystemConfiguration.framework in Frameworks */ = {isa = PBXBuildFile; fileRef = 5F9C544514F5937700E8F24C /* SystemConfiguration.framework */; };
		5F9C544814F5937700E8F24C /* MobileCoreServices.framework in Frameworks */ = {isa = PBXBuildFile; fileRef = 5F9C544714F5937700E8F24C /* MobileCoreServices.framework */; };
		5F9C544A14F5937700E8F24C /* CoreMedia.framework in Frameworks */ = {isa = PBXBuildFile; fileRef = 5F9C544914F5937700E8F24C /* CoreMedia.framework */; };
		5F9C545014F5937700E8F24C /* InfoPlist.strings in Resources */ = {isa = PBXBuildFile; fileRef = 5F9C544E14F5937700E8F24C /* InfoPlist.strings */; };
		5F9C545214F5937700E8F24C /* main.m in Sources */ = {isa = PBXBuildFile; fileRef = 5F9C545114F5937700E8F24C /* main.m */; };
		5F9C545514F5937700E8F24C /* PhoneGap.framework in Frameworks */ = {isa = PBXBuildFile; fileRef = 5F9C545414F5937700E8F24C /* PhoneGap.framework */; };
		5F9C545A14F5937700E8F24C /* Localizable.strings in Resources */ = {isa = PBXBuildFile; fileRef = 5F9C545814F5937700E8F24C /* Localizable.strings */; };
		5F9C545E14F5937700E8F24C /* Localizable.strings in Resources */ = {isa = PBXBuildFile; fileRef = 5F9C545C14F5937700E8F24C /* Localizable.strings */; };
		5F9C546C14F5937800E8F24C /* Capture.bundle in Resources */ = {isa = PBXBuildFile; fileRef = 5F9C546B14F5937800E8F24C /* Capture.bundle */; };
		5F9C546E14F5937800E8F24C /* PhoneGap.plist in Resources */ = {isa = PBXBuildFile; fileRef = 5F9C546D14F5937800E8F24C /* PhoneGap.plist */; };
		5F9C547214F5937800E8F24C /* AppDelegate.m in Sources */ = {isa = PBXBuildFile; fileRef = 5F9C547114F5937800E8F24C /* AppDelegate.m */; };
		5F9C547514F5937800E8F24C /* MainViewController.m in Sources */ = {isa = PBXBuildFile; fileRef = 5F9C547414F5937800E8F24C /* MainViewController.m */; };
		5F9C547714F5937800E8F24C /* MainViewController.xib in Resources */ = {isa = PBXBuildFile; fileRef = 5F9C547614F5937800E8F24C /* MainViewController.xib */; };
		5F9C548014F5942700E8F24C /* home_icon_57_57.png in Resources */ = {isa = PBXBuildFile; fileRef = 5F9C547F14F5942700E8F24C /* home_icon_57_57.png */; };
		5F9C548214F5944500E8F24C /* home_icon_114_114.png in Resources */ = {isa = PBXBuildFile; fileRef = 5F9C548114F5944500E8F24C /* home_icon_114_114.png */; };
		5F9C548414F594A500E8F24C /* home_icon_72_72.png in Resources */ = {isa = PBXBuildFile; fileRef = 5F9C548314F594A500E8F24C /* home_icon_72_72.png */; };
		5F9C548A14F5955700E8F24C /* Default@2x.png in Resources */ = {isa = PBXBuildFile; fileRef = 5F9C548914F5955700E8F24C /* Default@2x.png */; };
		5F9C548C14F5958B00E8F24C /* Default-Landscape~ipad.png in Resources */ = {isa = PBXBuildFile; fileRef = 5F9C548B14F5958B00E8F24C /* Default-Landscape~ipad.png */; };
		5F9C548E14F5959C00E8F24C /* Default-Portrait~ipad.png in Resources */ = {isa = PBXBuildFile; fileRef = 5F9C548D14F5959C00E8F24C /* Default-Portrait~ipad.png */; };
		5F9C549014F595AB00E8F24C /* Default.png in Resources */ = {isa = PBXBuildFile; fileRef = 5F9C548F14F595AB00E8F24C /* Default.png */; };
		5F9C549714F598FC00E8F24C /* www in Resources */ = {isa = PBXBuildFile; fileRef = 5F9C549614F598FC00E8F24C /* www */; };
/* End PBXBuildFile section */

/* Begin PBXFileReference section */
		5F9C542D14F5937700E8F24C /* nuxeo-web-mobile-ios.app */ = {isa = PBXFileReference; explicitFileType = wrapper.application; includeInIndex = 0; path = "nuxeo-web-mobile-ios.app"; sourceTree = BUILT_PRODUCTS_DIR; };
		5F9C543114F5937700E8F24C /* Foundation.framework */ = {isa = PBXFileReference; lastKnownFileType = wrapper.framework; name = Foundation.framework; path = System/Library/Frameworks/Foundation.framework; sourceTree = SDKROOT; };
		5F9C543314F5937700E8F24C /* UIKit.framework */ = {isa = PBXFileReference; lastKnownFileType = wrapper.framework; name = UIKit.framework; path = System/Library/Frameworks/UIKit.framework; sourceTree = SDKROOT; };
		5F9C543514F5937700E8F24C /* CoreGraphics.framework */ = {isa = PBXFileReference; lastKnownFileType = wrapper.framework; name = CoreGraphics.framework; path = System/Library/Frameworks/CoreGraphics.framework; sourceTree = SDKROOT; };
		5F9C543714F5937700E8F24C /* AddressBook.framework */ = {isa = PBXFileReference; lastKnownFileType = wrapper.framework; name = AddressBook.framework; path = System/Library/Frameworks/AddressBook.framework; sourceTree = SDKROOT; };
		5F9C543914F5937700E8F24C /* AddressBookUI.framework */ = {isa = PBXFileReference; lastKnownFileType = wrapper.framework; name = AddressBookUI.framework; path = System/Library/Frameworks/AddressBookUI.framework; sourceTree = SDKROOT; };
		5F9C543B14F5937700E8F24C /* AudioToolbox.framework */ = {isa = PBXFileReference; lastKnownFileType = wrapper.framework; name = AudioToolbox.framework; path = System/Library/Frameworks/AudioToolbox.framework; sourceTree = SDKROOT; };
		5F9C543D14F5937700E8F24C /* AVFoundation.framework */ = {isa = PBXFileReference; lastKnownFileType = wrapper.framework; name = AVFoundation.framework; path = System/Library/Frameworks/AVFoundation.framework; sourceTree = SDKROOT; };
		5F9C543F14F5937700E8F24C /* CoreLocation.framework */ = {isa = PBXFileReference; lastKnownFileType = wrapper.framework; name = CoreLocation.framework; path = System/Library/Frameworks/CoreLocation.framework; sourceTree = SDKROOT; };
		5F9C544114F5937700E8F24C /* MediaPlayer.framework */ = {isa = PBXFileReference; lastKnownFileType = wrapper.framework; name = MediaPlayer.framework; path = System/Library/Frameworks/MediaPlayer.framework; sourceTree = SDKROOT; };
		5F9C544314F5937700E8F24C /* QuartzCore.framework */ = {isa = PBXFileReference; lastKnownFileType = wrapper.framework; name = QuartzCore.framework; path = System/Library/Frameworks/QuartzCore.framework; sourceTree = SDKROOT; };
		5F9C544514F5937700E8F24C /* SystemConfiguration.framework */ = {isa = PBXFileReference; lastKnownFileType = wrapper.framework; name = SystemConfiguration.framework; path = System/Library/Frameworks/SystemConfiguration.framework; sourceTree = SDKROOT; };
		5F9C544714F5937700E8F24C /* MobileCoreServices.framework */ = {isa = PBXFileReference; lastKnownFileType = wrapper.framework; name = MobileCoreServices.framework; path = System/Library/Frameworks/MobileCoreServices.framework; sourceTree = SDKROOT; };
		5F9C544914F5937700E8F24C /* CoreMedia.framework */ = {isa = PBXFileReference; lastKnownFileType = wrapper.framework; name = CoreMedia.framework; path = System/Library/Frameworks/CoreMedia.framework; sourceTree = SDKROOT; };
		5F9C544D14F5937700E8F24C /* nuxeo-web-mobile-ios-Info.plist */ = {isa = PBXFileReference; lastKnownFileType = text.plist.xml; path = "nuxeo-web-mobile-ios-Info.plist"; sourceTree = "<group>"; };
		5F9C544F14F5937700E8F24C /* en */ = {isa = PBXFileReference; lastKnownFileType = text.plist.strings; name = en; path = en.lproj/InfoPlist.strings; sourceTree = "<group>"; };
		5F9C545114F5937700E8F24C /* main.m */ = {isa = PBXFileReference; lastKnownFileType = sourcecode.c.objc; path = main.m; sourceTree = "<group>"; };
		5F9C545314F5937700E8F24C /* nuxeo-web-mobile-ios-Prefix.pch */ = {isa = PBXFileReference; lastKnownFileType = sourcecode.c.h; path = "nuxeo-web-mobile-ios-Prefix.pch"; sourceTree = "<group>"; };
		5F9C545414F5937700E8F24C /* PhoneGap.framework */ = {isa = PBXFileReference; lastKnownFileType = wrapper.framework; name = PhoneGap.framework; path = /Users/Shared/PhoneGap/Frameworks/PhoneGap.framework; sourceTree = "<absolute>"; };
		5F9C545914F5937700E8F24C /* en */ = {isa = PBXFileReference; lastKnownFileType = text.plist.strings; name = en; path = Resources/en.lproj/Localizable.strings; sourceTree = "<group>"; };
		5F9C545D14F5937700E8F24C /* es */ = {isa = PBXFileReference; lastKnownFileType = text.plist.strings; name = es; path = Resources/es.lproj/Localizable.strings; sourceTree = "<group>"; };
		5F9C546B14F5937800E8F24C /* Capture.bundle */ = {isa = PBXFileReference; lastKnownFileType = text; name = Capture.bundle; path = Resources/Capture.bundle; sourceTree = "<group>"; };
		5F9C546D14F5937800E8F24C /* PhoneGap.plist */ = {isa = PBXFileReference; lastKnownFileType = text.plist.xml; path = PhoneGap.plist; sourceTree = "<group>"; };
		5F9C547014F5937800E8F24C /* AppDelegate.h */ = {isa = PBXFileReference; lastKnownFileType = sourcecode.c.h; name = AppDelegate.h; path = Classes/AppDelegate.h; sourceTree = "<group>"; };
		5F9C547114F5937800E8F24C /* AppDelegate.m */ = {isa = PBXFileReference; lastKnownFileType = sourcecode.c.objc; name = AppDelegate.m; path = Classes/AppDelegate.m; sourceTree = "<group>"; };
		5F9C547314F5937800E8F24C /* MainViewController.h */ = {isa = PBXFileReference; lastKnownFileType = sourcecode.c.h; name = MainViewController.h; path = Classes/MainViewController.h; sourceTree = "<group>"; };
		5F9C547414F5937800E8F24C /* MainViewController.m */ = {isa = PBXFileReference; lastKnownFileType = sourcecode.c.objc; name = MainViewController.m; path = Classes/MainViewController.m; sourceTree = "<group>"; };
		5F9C547614F5937800E8F24C /* MainViewController.xib */ = {isa = PBXFileReference; lastKnownFileType = file.xib; name = MainViewController.xib; path = Classes/MainViewController.xib; sourceTree = "<group>"; };
		5F9C547914F5937800E8F24C /* README */ = {isa = PBXFileReference; lastKnownFileType = text; name = README; path = Plugins/README; sourceTree = "<group>"; };
		5F9C547F14F5942700E8F24C /* home_icon_57_57.png */ = {isa = PBXFileReference; lastKnownFileType = image.png; name = home_icon_57_57.png; path = ../home_icon_57_57.png; sourceTree = "<group>"; };
		5F9C548114F5944500E8F24C /* home_icon_114_114.png */ = {isa = PBXFileReference; lastKnownFileType = image.png; name = home_icon_114_114.png; path = ../home_icon_114_114.png; sourceTree = "<group>"; };
		5F9C548314F594A500E8F24C /* home_icon_72_72.png */ = {isa = PBXFileReference; lastKnownFileType = image.png; name = home_icon_72_72.png; path = ../home_icon_72_72.png; sourceTree = "<group>"; };
		5F9C548914F5955700E8F24C /* Default@2x.png */ = {isa = PBXFileReference; lastKnownFileType = image.png; name = "Default@2x.png"; path = "../Default@2x.png"; sourceTree = "<group>"; };
		5F9C548B14F5958B00E8F24C /* Default-Landscape~ipad.png */ = {isa = PBXFileReference; lastKnownFileType = image.png; name = "Default-Landscape~ipad.png"; path = "../Default-Landscape~ipad.png"; sourceTree = "<group>"; };
		5F9C548D14F5959C00E8F24C /* Default-Portrait~ipad.png */ = {isa = PBXFileReference; lastKnownFileType = image.png; name = "Default-Portrait~ipad.png"; path = "../Default-Portrait~ipad.png"; sourceTree = "<group>"; };
		5F9C548F14F595AB00E8F24C /* Default.png */ = {isa = PBXFileReference; lastKnownFileType = image.png; name = Default.png; path = ../Default.png; sourceTree = "<group>"; };
		5F9C549614F598FC00E8F24C /* www */ = {isa = PBXFileReference; lastKnownFileType = folder; path = www; sourceTree = "<group>"; };
/* End PBXFileReference section */

/* Begin PBXFrameworksBuildPhase section */
		5F9C542714F5937700E8F24C /* Frameworks */ = {
			isa = PBXFrameworksBuildPhase;
			buildActionMask = 2147483647;
			files = (
				5F9C543214F5937700E8F24C /* Foundation.framework in Frameworks */,
				5F9C543414F5937700E8F24C /* UIKit.framework in Frameworks */,
				5F9C543614F5937700E8F24C /* CoreGraphics.framework in Frameworks */,
				5F9C543814F5937700E8F24C /* AddressBook.framework in Frameworks */,
				5F9C543A14F5937700E8F24C /* AddressBookUI.framework in Frameworks */,
				5F9C543C14F5937700E8F24C /* AudioToolbox.framework in Frameworks */,
				5F9C543E14F5937700E8F24C /* AVFoundation.framework in Frameworks */,
				5F9C544014F5937700E8F24C /* CoreLocation.framework in Frameworks */,
				5F9C544214F5937700E8F24C /* MediaPlayer.framework in Frameworks */,
				5F9C544414F5937700E8F24C /* QuartzCore.framework in Frameworks */,
				5F9C544614F5937700E8F24C /* SystemConfiguration.framework in Frameworks */,
				5F9C544814F5937700E8F24C /* MobileCoreServices.framework in Frameworks */,
				5F9C544A14F5937700E8F24C /* CoreMedia.framework in Frameworks */,
				5F9C545514F5937700E8F24C /* PhoneGap.framework in Frameworks */,
			);
			runOnlyForDeploymentPostprocessing = 0;
		};
		5F9C542A14F5937700E8F24C /* Frameworks */ = {
			isa = PBXFrameworksBuildPhase;
			buildActionMask = 2147483647;
			files = (
			);
			runOnlyForDeploymentPostprocessing = 0;
		};
/* End PBXFrameworksBuildPhase section */

/* Begin PBXGroup section */
		5F9C541F14F5937700E8F24C = {
			isa = PBXGroup;
			children = (
				5F9C549614F598FC00E8F24C /* www */,
				5F9C544B14F5937700E8F24C /* nuxeo-web-mobile-ios */,
				5F9C543014F5937700E8F24C /* Frameworks */,
				5F9C542E14F5937700E8F24C /* Products */,
			);
			sourceTree = "<group>";
		};
		5F9C542E14F5937700E8F24C /* Products */ = {
			isa = PBXGroup;
			children = (
				5F9C542D14F5937700E8F24C /* nuxeo-web-mobile-ios.app */,
			);
			name = Products;
			sourceTree = "<group>";
		};
		5F9C543014F5937700E8F24C /* Frameworks */ = {
			isa = PBXGroup;
			children = (
				5F9C543114F5937700E8F24C /* Foundation.framework */,
				5F9C543314F5937700E8F24C /* UIKit.framework */,
				5F9C543514F5937700E8F24C /* CoreGraphics.framework */,
				5F9C543714F5937700E8F24C /* AddressBook.framework */,
				5F9C543914F5937700E8F24C /* AddressBookUI.framework */,
				5F9C543B14F5937700E8F24C /* AudioToolbox.framework */,
				5F9C543D14F5937700E8F24C /* AVFoundation.framework */,
				5F9C543F14F5937700E8F24C /* CoreLocation.framework */,
				5F9C544114F5937700E8F24C /* MediaPlayer.framework */,
				5F9C544314F5937700E8F24C /* QuartzCore.framework */,
				5F9C544514F5937700E8F24C /* SystemConfiguration.framework */,
				5F9C544714F5937700E8F24C /* MobileCoreServices.framework */,
				5F9C544914F5937700E8F24C /* CoreMedia.framework */,
			);
			name = Frameworks;
			sourceTree = "<group>";
		};
		5F9C544B14F5937700E8F24C /* nuxeo-web-mobile-ios */ = {
			isa = PBXGroup;
			children = (
				5F9C545414F5937700E8F24C /* PhoneGap.framework */,
				5F9C545614F5937700E8F24C /* Resources */,
				5F9C546F14F5937800E8F24C /* Classes */,
				5F9C547814F5937800E8F24C /* Plugins */,
				5F9C544C14F5937700E8F24C /* Supporting Files */,
			);
			path = "nuxeo-web-mobile-ios";
			sourceTree = "<group>";
		};
		5F9C544C14F5937700E8F24C /* Supporting Files */ = {
			isa = PBXGroup;
			children = (
				5F9C544D14F5937700E8F24C /* nuxeo-web-mobile-ios-Info.plist */,
				5F9C544E14F5937700E8F24C /* InfoPlist.strings */,
				5F9C545114F5937700E8F24C /* main.m */,
				5F9C545314F5937700E8F24C /* nuxeo-web-mobile-ios-Prefix.pch */,
				5F9C546D14F5937800E8F24C /* PhoneGap.plist */,
				5F9C547614F5937800E8F24C /* MainViewController.xib */,
			);
			name = "Supporting Files";
			sourceTree = "<group>";
		};
		5F9C545614F5937700E8F24C /* Resources */ = {
			isa = PBXGroup;
			children = (
				5F9C546B14F5937800E8F24C /* Capture.bundle */,
				5F9C545714F5937700E8F24C /* en.lproj */,
				5F9C545B14F5937700E8F24C /* es.lproj */,
				5F9C545F14F5937700E8F24C /* icons */,
				5F9C546614F5937800E8F24C /* splash */,
			);
			name = Resources;
			sourceTree = "<group>";
		};
		5F9C545714F5937700E8F24C /* en.lproj */ = {
			isa = PBXGroup;
			children = (
				5F9C545814F5937700E8F24C /* Localizable.strings */,
			);
			name = en.lproj;
			sourceTree = "<group>";
		};
		5F9C545B14F5937700E8F24C /* es.lproj */ = {
			isa = PBXGroup;
			children = (
				5F9C545C14F5937700E8F24C /* Localizable.strings */,
			);
			name = es.lproj;
			sourceTree = "<group>";
		};
		5F9C545F14F5937700E8F24C /* icons */ = {
			isa = PBXGroup;
			children = (
				5F9C548F14F595AB00E8F24C /* Default.png */,
				5F9C548314F594A500E8F24C /* home_icon_72_72.png */,
				5F9C548114F5944500E8F24C /* home_icon_114_114.png */,
				5F9C547F14F5942700E8F24C /* home_icon_57_57.png */,
			);
			name = icons;
			sourceTree = "<group>";
		};
		5F9C546614F5937800E8F24C /* splash */ = {
			isa = PBXGroup;
			children = (
				5F9C548D14F5959C00E8F24C /* Default-Portrait~ipad.png */,
				5F9C548B14F5958B00E8F24C /* Default-Landscape~ipad.png */,
				5F9C548914F5955700E8F24C /* Default@2x.png */,
			);
			name = splash;
			sourceTree = "<group>";
		};
		5F9C546F14F5937800E8F24C /* Classes */ = {
			isa = PBXGroup;
			children = (
				5F9C547014F5937800E8F24C /* AppDelegate.h */,
				5F9C547114F5937800E8F24C /* AppDelegate.m */,
				5F9C547314F5937800E8F24C /* MainViewController.h */,
				5F9C547414F5937800E8F24C /* MainViewController.m */,
			);
			name = Classes;
			sourceTree = "<group>";
		};
		5F9C547814F5937800E8F24C /* Plugins */ = {
			isa = PBXGroup;
			children = (
				5F9C547914F5937800E8F24C /* README */,
			);
			name = Plugins;
			sourceTree = "<group>";
		};
/* End PBXGroup section */

/* Begin PBXNativeTarget section */
		5F9C542C14F5937700E8F24C /* nuxeo-web-mobile-ios */ = {
			isa = PBXNativeTarget;
			buildConfigurationList = 5F9C547C14F5937800E8F24C /* Build configuration list for PBXNativeTarget "nuxeo-web-mobile-ios" */;
			buildPhases = (
				5F9C542614F5937700E8F24C /* Sources */,
				5F9C542714F5937700E8F24C /* Frameworks */,
				5F9C542814F5937700E8F24C /* Resources */,
				5F9C542914F5937700E8F24C /* Sources */,
				5F9C542A14F5937700E8F24C /* Frameworks */,
				5F9C542B14F5937700E8F24C /* ShellScript */,
			);
			buildRules = (
			);
			dependencies = (
			);
			name = "nuxeo-web-mobile-ios";
			productName = "nuxeo-web-mobile-ios";
			productReference = 5F9C542D14F5937700E8F24C /* nuxeo-web-mobile-ios.app */;
			productType = "com.apple.product-type.application";
		};
/* End PBXNativeTarget section */

/* Begin PBXProject section */
		5F9C542114F5937700E8F24C /* Project object */ = {
			isa = PBXProject;
			attributes = {
				LastUpgradeCheck = 0420;
				ORGANIZATIONNAME = Nuxeo;
			};
			buildConfigurationList = 5F9C542414F5937700E8F24C /* Build configuration list for PBXProject "nuxeo-web-mobile-ios" */;
			compatibilityVersion = "Xcode 3.2";
			developmentRegion = English;
			hasScannedForEncodings = 0;
			knownRegions = (
				en,
				es,
			);
			mainGroup = 5F9C541F14F5937700E8F24C;
			productRefGroup = 5F9C542E14F5937700E8F24C /* Products */;
			projectDirPath = "";
			projectRoot = "";
			targets = (
				5F9C542C14F5937700E8F24C /* nuxeo-web-mobile-ios */,
			);
		};
/* End PBXProject section */

/* Begin PBXResourcesBuildPhase section */
		5F9C542814F5937700E8F24C /* Resources */ = {
			isa = PBXResourcesBuildPhase;
			buildActionMask = 2147483647;
			files = (
				5F9C545014F5937700E8F24C /* InfoPlist.strings in Resources */,
				5F9C545A14F5937700E8F24C /* Localizable.strings in Resources */,
				5F9C545E14F5937700E8F24C /* Localizable.strings in Resources */,
				5F9C546C14F5937800E8F24C /* Capture.bundle in Resources */,
				5F9C546E14F5937800E8F24C /* PhoneGap.plist in Resources */,
				5F9C547714F5937800E8F24C /* MainViewController.xib in Resources */,
				5F9C548014F5942700E8F24C /* home_icon_57_57.png in Resources */,
				5F9C548214F5944500E8F24C /* home_icon_114_114.png in Resources */,
				5F9C548414F594A500E8F24C /* home_icon_72_72.png in Resources */,
				5F9C548A14F5955700E8F24C /* Default@2x.png in Resources */,
				5F9C548C14F5958B00E8F24C /* Default-Landscape~ipad.png in Resources */,
				5F9C548E14F5959C00E8F24C /* Default-Portrait~ipad.png in Resources */,
				5F9C549014F595AB00E8F24C /* Default.png in Resources */,
				5F9C549714F598FC00E8F24C /* www in Resources */,
			);
			runOnlyForDeploymentPostprocessing = 0;
		};
/* End PBXResourcesBuildPhase section */

/* Begin PBXShellScriptBuildPhase section */
		5F9C542B14F5937700E8F24C /* ShellScript */ = {
			isa = PBXShellScriptBuildPhase;
			buildActionMask = 2147483647;
			files = (
			);
			inputPaths = (
			);
			outputPaths = (
			);
			runOnlyForDeploymentPostprocessing = 0;
			shellPath = /bin/bash;
			shellScript = "\n\t\t\t\t\t\t\t\tif [ ! -d \"$PROJECT_DIR/www\" ] ; then\n\t\t\t\t\t\t\t\t\tcp -R /Users/Shared/PhoneGap/Frameworks/PhoneGap.framework/www \"$PROJECT_DIR\"\n\t\t\t\t\t\t\t\tfi\n\t\t\t\t\t\t\t\t# detect www folder reference in project, if missing, print warning\n\t\t\t\t\t\t\t\tgrep \"{isa = PBXFileReference; lastKnownFileType = folder; path = www; sourceTree = \\\"<group>\\\"; };\" \"$PROJECT_DIR/$PROJECT_NAME.xcodeproj/project.pbxproj\"\n\t\t\t\t\t\t\t\trc=$? \n\t\t\t\t\t\t\t\tif [ $rc != 0 ] ; then\n\t\t\t\t\t\t\t\techo -e \"warning: Missing - Add $PROJECT_DIR/www as a folder reference in your project. Just drag and drop the folder into your project, into the Project Navigator of Xcode 4. Make sure you select the second radio-button: 'Create folder references for any added folders' (which will create a blue folder)\" 1>&2\n\t\t\t\t\t\t\t\tfi\t\t\t\t\t\t\t";
		};
/* End PBXShellScriptBuildPhase section */

/* Begin PBXSourcesBuildPhase section */
		5F9C542614F5937700E8F24C /* Sources */ = {
			isa = PBXSourcesBuildPhase;
			buildActionMask = 2147483647;
			files = (
				5F9C545214F5937700E8F24C /* main.m in Sources */,
				5F9C547214F5937800E8F24C /* AppDelegate.m in Sources */,
				5F9C547514F5937800E8F24C /* MainViewController.m in Sources */,
			);
			runOnlyForDeploymentPostprocessing = 0;
		};
		5F9C542914F5937700E8F24C /* Sources */ = {
			isa = PBXSourcesBuildPhase;
			buildActionMask = 2147483647;
			files = (
			);
			runOnlyForDeploymentPostprocessing = 0;
		};
/* End PBXSourcesBuildPhase section */

/* Begin PBXVariantGroup section */
		5F9C544E14F5937700E8F24C /* InfoPlist.strings */ = {
			isa = PBXVariantGroup;
			children = (
				5F9C544F14F5937700E8F24C /* en */,
			);
			name = InfoPlist.strings;
			sourceTree = "<group>";
		};
		5F9C545814F5937700E8F24C /* Localizable.strings */ = {
			isa = PBXVariantGroup;
			children = (
				5F9C545914F5937700E8F24C /* en */,
			);
			name = Localizable.strings;
			sourceTree = "<group>";
		};
		5F9C545C14F5937700E8F24C /* Localizable.strings */ = {
			isa = PBXVariantGroup;
			children = (
				5F9C545D14F5937700E8F24C /* es */,
			);
			name = Localizable.strings;
			sourceTree = "<group>";
		};
/* End PBXVariantGroup section */

/* Begin XCBuildConfiguration section */
		5F9C547A14F5937800E8F24C /* Debug */ = {
			isa = XCBuildConfiguration;
			buildSettings = {
				ALWAYS_SEARCH_USER_PATHS = NO;
				ARCHS = "$(ARCHS_STANDARD_32_BIT)";
				"CODE_SIGN_IDENTITY[sdk=iphoneos*]" = "iPhone Developer";
				COPY_PHASE_STRIP = NO;
				GCC_C_LANGUAGE_STANDARD = gnu99;
				GCC_DYNAMIC_NO_PIC = NO;
				GCC_OPTIMIZATION_LEVEL = 0;
				GCC_PREPROCESSOR_DEFINITIONS = (
					"DEBUG=1",
					"$(inherited)",
				);
				GCC_SYMBOLS_PRIVATE_EXTERN = NO;
				GCC_VERSION = com.apple.compilers.llvmgcc42;
				GCC_WARN_ABOUT_MISSING_PROTOTYPES = YES;
				GCC_WARN_ABOUT_RETURN_TYPE = YES;
				GCC_WARN_UNUSED_VARIABLE = YES;
				IPHONEOS_DEPLOYMENT_TARGET = 3.0;
				SDKROOT = iphoneos;
			};
			name = Debug;
		};
		5F9C547B14F5937800E8F24C /* Release */ = {
			isa = XCBuildConfiguration;
			buildSettings = {
				ALWAYS_SEARCH_USER_PATHS = NO;
				ARCHS = "$(ARCHS_STANDARD_32_BIT)";
				"CODE_SIGN_IDENTITY[sdk=iphoneos*]" = "iPhone Developer";
				COPY_PHASE_STRIP = YES;
				GCC_C_LANGUAGE_STANDARD = gnu99;
				GCC_VERSION = com.apple.compilers.llvmgcc42;
				GCC_WARN_ABOUT_MISSING_PROTOTYPES = YES;
				GCC_WARN_ABOUT_RETURN_TYPE = YES;
				GCC_WARN_UNUSED_VARIABLE = YES;
				IPHONEOS_DEPLOYMENT_TARGET = 3.0;
				SDKROOT = iphoneos;
				VALIDATE_PRODUCT = YES;
			};
			name = Release;
		};
		5F9C547D14F5937800E8F24C /* Debug */ = {
			isa = XCBuildConfiguration;
			buildSettings = {
				ALWAYS_SEARCH_USER_PATHS = YES;
				COPY_PHASE_STRIP = NO;
				FRAMEWORK_SEARCH_PATHS = /Users/Shared/PhoneGap/Frameworks;
				GCC_DYNAMIC_NO_PIC = NO;
				GCC_PRECOMPILE_PREFIX_HEADER = YES;
				GCC_PREFIX_HEADER = "nuxeo-web-mobile-ios/nuxeo-web-mobile-ios-Prefix.pch";
				GCC_PREPROCESSOR_DEFINITIONS = "PHONEGAP_FRAMEWORK=YES";
				GCC_VERSION = com.apple.compilers.llvm.clang.1_0;
				INFOPLIST_FILE = "nuxeo-web-mobile-ios/nuxeo-web-mobile-ios-Info.plist";
				OTHER_LDFLAGS = (
					"-weak_framework",
					UIKit,
					"-weak_framework",
					AVFoundation,
					"-weak_framework",
					CoreMedia,
					"-weak_library",
					/usr/lib/libSystem.B.dylib,
				);
				PRODUCT_NAME = "$(TARGET_NAME)";
				TARGETED_DEVICE_FAMILY = "1,2";
				WRAPPER_EXTENSION = app;
			};
			name = Debug;
		};
		5F9C547E14F5937800E8F24C /* Release */ = {
			isa = XCBuildConfiguration;
			buildSettings = {
				ALWAYS_SEARCH_USER_PATHS = YES;
				COPY_PHASE_STRIP = YES;
				DEBUG_INFORMATION_FORMAT = "dwarf-with-dsym";
				FRAMEWORK_SEARCH_PATHS = /Users/Shared/PhoneGap/Frameworks;
				GCC_PRECOMPILE_PREFIX_HEADER = YES;
				GCC_PREFIX_HEADER = "nuxeo-web-mobile-ios/nuxeo-web-mobile-ios-Prefix.pch";
				GCC_PREPROCESSOR_DEFINITIONS = "PHONEGAP_FRAMEWORK=YES";
				GCC_VERSION = com.apple.compilers.llvm.clang.1_0;
				INFOPLIST_FILE = "nuxeo-web-mobile-ios/nuxeo-web-mobile-ios-Info.plist";
				OTHER_LDFLAGS = (
					"-weak_framework",
					UIKit,
					"-weak_framework",
					AVFoundation,
					"-weak_framework",
					CoreMedia,
					"-weak_library",
					/usr/lib/libSystem.B.dylib,
				);
				PRODUCT_NAME = "$(TARGET_NAME)";
				TARGETED_DEVICE_FAMILY = "1,2";
				VALIDATE_PRODUCT = YES;
				WRAPPER_EXTENSION = app;
			};
			name = Release;
		};
/* End XCBuildConfiguration section */

/* Begin XCConfigurationList section */
		5F9C542414F5937700E8F24C /* Build configuration list for PBXProject "nuxeo-web-mobile-ios" */ = {
			isa = XCConfigurationList;
			buildConfigurations = (
				5F9C547A14F5937800E8F24C /* Debug */,
				5F9C547B14F5937800E8F24C /* Release */,
			);
			defaultConfigurationIsVisible = 0;
			defaultConfigurationName = Release;
		};
		5F9C547C14F5937800E8F24C /* Build configuration list for PBXNativeTarget "nuxeo-web-mobile-ios" */ = {
			isa = XCConfigurationList;
			buildConfigurations = (
				5F9C547D14F5937800E8F24C /* Debug */,
				5F9C547E14F5937800E8F24C /* Release */,
			);
			defaultConfigurationIsVisible = 0;
		};
/* End XCConfigurationList section */
	};
	rootObject = 5F9C542114F5937700E8F24C /* Project object */;
}
